{
    "folders": [
        {
            "name": "🚀 Backend (Spring Boot)",
            "path": "./backend"
        },
        {
            "name": "🌐 Frontend (Next.js)",
            "path": "./frontend"
        },
        {
            "name": "📱 Mobile (Flutter)",
            "path": "./mobile"
        },
        {
            "name": "📁 Root",
            "path": "."
        },
        {
            "name": "📚 Learning2",
            "path": "../../learning2"
        }
    ]
}